PODS:
  - Flutter (1.0.0)
  - live_photos_plus (1.0.0):
    - Flutter

DEPENDENCIES:
  - Flutter (from `Flutter`)
  - live_photos_plus (from `.symlinks/plugins/live_photos_plus/ios`)

EXTERNAL SOURCES:
  Flutter:
    :path: Flutter
  live_photos_plus:
    :path: ".symlinks/plugins/live_photos_plus/ios"

SPEC CHECKSUMS:
  Flutter: cabc95a1d2626b1b06e7179b784ebcf0c0cde467
  live_photos_plus: 9821b28bd513dbd47a4558426c6b0737fee62add

PODFILE CHECKSUM: 66939464afc92ef3e428b00e1ae0997eb06c6790

COCOAPODS: 1.16.2
